
Microsoft Visual Studio Solution File, Format Version 12.00
# Visual Studio Version 16
VisualStudioVersion = 16.0.32413.511
MinimumVisualStudioVersion = 10.0.40219.1
Project("{FAE04EC0-301F-11D3-BF4B-00C04F79EFBC}") = "WebBanHang", "WebBanHang\WebBanHang.csproj", "{9B99B413-2A79-4620-82FA-3F0FF604A1AA}"
EndProject
Global
	GlobalSection(SolutionConfigurationPlatforms) = preSolution
		Debug|Any CPU = Debug|Any CPU
		Release|Any CPU = Release|Any CPU
	EndGlobalSection
	GlobalSection(ProjectConfigurationPlatforms) = postSolution
		{9B99B413-2A79-4620-82FA-3F0FF604A1AA}.Debug|Any CPU.ActiveCfg = Debug|Any CPU
		{9B99B413-2A79-4620-82FA-3F0FF604A1AA}.Debug|Any CPU.Build.0 = Debug|Any CPU
		{9B99B413-2A79-4620-82FA-3F0FF604A1AA}.Release|Any CPU.ActiveCfg = Release|Any CPU
		{9B99B413-2A79-4620-82FA-3F0FF604A1AA}.Release|Any CPU.Build.0 = Release|Any CPU
	EndGlobalSection
	GlobalSection(SolutionProperties) = preSolution
		HideSolutionNode = FALSE
	EndGlobalSection
	GlobalSection(ExtensibilityGlobals) = postSolution
		SolutionGuid = {825F2AD0-D396-48E9-A9DE-7C64181642EA}
	EndGlobalSection
EndGlobal
